{
  "name": "nativescript-exoplayer",
  "version": "3.4.0",
  "lockfileVersion": 1,
  "requires": true,
  "dependencies": {
    "tns-core-modules": {
      "version": "3.4.1",
      "resolved": "https://registry.npmjs.org/tns-core-modules/-/tns-core-modules-3.4.1.tgz",
      "integrity": "sha512-sz/yTmoW7WyDPpr4JEC+trlfiEI14X365jGF//tMCT/G6ISzANr43wc17fgbGH1UA1XbKzujbAl0xPNssRHVUA==",
      "dev": true,
      "requires": {
        "tns-core-modules-widgets": "3.4.0"
      }
    },
    "tns-core-modules-widgets": {
      "version": "3.4.0",
      "resolved": "https://registry.npmjs.org/tns-core-modules-widgets/-/tns-core-modules-widgets-3.4.0.tgz",
      "integrity": "sha512-WEtjDRTjjKB+C1NhY1CJSNyhK9DPCYzBgM+yKgq5AmphK/QdQEMAP1U2ttOv8yWWfsvLZGOnzyLCzcyeoG0Gfw==",
      "dev": true
    },
    "tns-platform-declarations": {
      "version": "3.4.1",
      "resolved": "https://registry.npmjs.org/tns-platform-declarations/-/tns-platform-declarations-3.4.1.tgz",
      "integrity": "sha512-GCvUvmtZ2Nne9GIppYF5xzUQzYP+KF43R+ce9kFMT1erDP0I6thLrRkLEo8JgAYD7ukMqXAb80MlYMv/VDGSCw==",
      "dev": true
    },
    "typescript": {
      "version": "2.7.2",
      "resolved": "https://registry.npmjs.org/typescript/-/typescript-2.7.2.tgz",
      "integrity": "sha512-p5TCYZDAO0m4G344hD+wx/LATebLWZNkkh2asWUFqSsD2OrDNhbAHuSjobrmsUmdzjJjEeZVU9g1h3O6vpstnw==",
      "dev": true
    }
  }
}
